// !$*UTF8*$!
{
	archiveVersion = 1;
	classes = {
	};
	objectVersion = 46;
	objects = {

/* Begin PBXBuildFile section */
		17CC610219F492FD00DB6A83 /* TestModel.cpp in Sources */ = {isa = PBXBuildFile; fileRef = 17CC610019F492FD00DB6A83 /* TestModel.cpp */; };
		17CC610319F492FD00DB6A83 /* TestModel.h in Headers */ = {isa = PBXBuildFile; fileRef = 17CC610119F492FD00DB6A83 /* TestModel.h */; };
		17CC610619F4935D00DB6A83 /* ModelProject.cpp in Sources */ = {isa = PBXBuildFile; fileRef = 17CC610419F4935D00DB6A83 /* ModelProject.cpp */; };
		17CC610719F4935D00DB6A83 /* ModelProject.h in Headers */ = {isa = PBXBuildFile; fileRef = 17CC610519F4935D00DB6A83 /* ModelProject.h */; };
		17CC610B19F4944500DB6A83 /* libOMERuntime.dylib in Frameworks */ = {isa = PBXBuildFile; fileRef = 17CC610919F4944500DB6A83 /* libOMERuntime.dylib */; };
/* End PBXBuildFile section */

/* Begin PBXFileReference section */
		17CC60F919F4927900DB6A83 /* libModelProject.dylib */ = {isa = PBXFileReference; explicitFileType = "compiled.mach-o.dylib"; includeInIndex = 0; path = libModelProject.dylib; sourceTree = BUILT_PRODUCTS_DIR; };
		17CC610019F492FD00DB6A83 /* TestModel.cpp */ = {isa = PBXFileReference; fileEncoding = 4; lastKnownFileType = sourcecode.cpp.cpp; path = TestModel.cpp; sourceTree = "<group>"; };
		17CC610119F492FD00DB6A83 /* TestModel.h */ = {isa = PBXFileReference; fileEncoding = 4; lastKnownFileType = sourcecode.c.h; path = TestModel.h; sourceTree = "<group>"; };
		17CC610419F4935D00DB6A83 /* ModelProject.cpp */ = {isa = PBXFileReference; fileEncoding = 4; lastKnownFileType = sourcecode.cpp.cpp; path = ModelProject.cpp; sourceTree = "<group>"; };
		17CC610519F4935D00DB6A83 /* ModelProject.h */ = {isa = PBXFileReference; fileEncoding = 4; lastKnownFileType = sourcecode.c.h; path = ModelProject.h; sourceTree = "<group>"; };
		17CC610919F4944500DB6A83 /* libOMERuntime.dylib */ = {isa = PBXFileReference; lastKnownFileType = "compiled.mach-o.dylib"; name = libOMERuntime.dylib; path = "../../../../Library/Developer/Xcode/DerivedData/OME_OSX-fckwyqdqaycaglbqmtjdrnzqdagr/Build/Products/Debug/libOMERuntime.dylib"; sourceTree = "<group>"; };
/* End PBXFileReference section */

/* Begin PBXFrameworksBuildPhase section */
		17CC60F619F4927900DB6A83 /* Frameworks */ = {
			isa = PBXFrameworksBuildPhase;
			buildActionMask = 2147483647;
			files = (
				17CC610B19F4944500DB6A83 /* libOMERuntime.dylib in Frameworks */,
			);
			runOnlyForDeploymentPostprocessing = 0;
		};
/* End PBXFrameworksBuildPhase section */

/* Begin PBXGroup section */
		17CC60F019F4927900DB6A83 = {
			isa = PBXGroup;
			children = (
				17CC610419F4935D00DB6A83 /* ModelProject.cpp */,
				17CC610019F492FD00DB6A83 /* TestModel.cpp */,
				17CC610919F4944500DB6A83 /* libOMERuntime.dylib */,
				17CC610519F4935D00DB6A83 /* ModelProject.h */,
				17CC610119F492FD00DB6A83 /* TestModel.h */,
				17CC60FA19F4927900DB6A83 /* Products */,
			);
			sourceTree = "<group>";
		};
		17CC60FA19F4927900DB6A83 /* Products */ = {
			isa = PBXGroup;
			children = (
				17CC60F919F4927900DB6A83 /* libModelProject.dylib */,
			);
			name = Products;
			sourceTree = "<group>";
		};
/* End PBXGroup section */

/* Begin PBXHeadersBuildPhase section */
		17CC60F719F4927900DB6A83 /* Headers */ = {
			isa = PBXHeadersBuildPhase;
			buildActionMask = 2147483647;
			files = (
				17CC610719F4935D00DB6A83 /* ModelProject.h in Headers */,
				17CC610319F492FD00DB6A83 /* TestModel.h in Headers */,
			);
			runOnlyForDeploymentPostprocessing = 0;
		};
/* End PBXHeadersBuildPhase section */

/* Begin PBXNativeTarget section */
		17CC60F819F4927900DB6A83 /* ModelProject */ = {
			isa = PBXNativeTarget;
			buildConfigurationList = 17CC60FD19F4927900DB6A83 /* Build configuration list for PBXNativeTarget "ModelProject" */;
			buildPhases = (
				17CC60F519F4927900DB6A83 /* Sources */,
				17CC60F619F4927900DB6A83 /* Frameworks */,
				17CC60F719F4927900DB6A83 /* Headers */,
			);
			buildRules = (
			);
			dependencies = (
			);
			name = ModelProject;
			productName = ModelProject;
			productReference = 17CC60F919F4927900DB6A83 /* libModelProject.dylib */;
			productType = "com.apple.product-type.library.dynamic";
		};
/* End PBXNativeTarget section */

/* Begin PBXProject section */
		17CC60F119F4927900DB6A83 /* Project object */ = {
			isa = PBXProject;
			attributes = {
				LastUpgradeCheck = 0600;
				ORGANIZATIONNAME = OregonStateUniversity;
				TargetAttributes = {
					17CC60F819F4927900DB6A83 = {
						CreatedOnToolsVersion = 6.0.1;
					};
				};
			};
			buildConfigurationList = 17CC60F419F4927900DB6A83 /* Build configuration list for PBXProject "ModelProject" */;
			compatibilityVersion = "Xcode 3.2";
			developmentRegion = English;
			hasScannedForEncodings = 0;
			knownRegions = (
				en,
			);
			mainGroup = 17CC60F019F4927900DB6A83;
			productRefGroup = 17CC60FA19F4927900DB6A83 /* Products */;
			projectDirPath = "";
			projectRoot = "";
			targets = (
				17CC60F819F4927900DB6A83 /* ModelProject */,
			);
		};
/* End PBXProject section */

/* Begin PBXSourcesBuildPhase section */
		17CC60F519F4927900DB6A83 /* Sources */ = {
			isa = PBXSourcesBuildPhase;
			buildActionMask = 2147483647;
			files = (
				17CC610219F492FD00DB6A83 /* TestModel.cpp in Sources */,
				17CC610619F4935D00DB6A83 /* ModelProject.cpp in Sources */,
			);
			runOnlyForDeploymentPostprocessing = 0;
		};
/* End PBXSourcesBuildPhase section */

/* Begin XCBuildConfiguration section */
		17CC60FB19F4927900DB6A83 /* Debug */ = {
			isa = XCBuildConfiguration;
			buildSettings = {
				ALWAYS_SEARCH_USER_PATHS = NO;
				CLANG_CXX_LANGUAGE_STANDARD = "c++0x";
				CLANG_CXX_LIBRARY = "libc++";
				CLANG_ENABLE_MODULES = YES;
				CLANG_ENABLE_OBJC_ARC = YES;
				CLANG_WARN_BOOL_CONVERSION = YES;
				CLANG_WARN_CONSTANT_CONVERSION = YES;
				CLANG_WARN_DIRECT_OBJC_ISA_USAGE = YES_ERROR;
				CLANG_WARN_EMPTY_BODY = YES;
				CLANG_WARN_ENUM_CONVERSION = YES;
				CLANG_WARN_INT_CONVERSION = YES;
				CLANG_WARN_OBJC_ROOT_CLASS = YES_ERROR;
				CLANG_WARN_UNREACHABLE_CODE = NO;
				CLANG_WARN__DUPLICATE_METHOD_MATCH = YES;
				COPY_PHASE_STRIP = NO;
				ENABLE_STRICT_OBJC_MSGSEND = YES;
				GCC_C_LANGUAGE_STANDARD = c11;
				GCC_DYNAMIC_NO_PIC = NO;
				GCC_OPTIMIZATION_LEVEL = 0;
				GCC_PREPROCESSOR_DEFINITIONS = (
					"DEBUG=1",
					"$(inherited)",
					"__EXPORT__=",
					"PASCAL=",
					LUA_COMPAT_ALL,
					_DEBUG,
					"__MDL_EXPORT__=",
				);
				GCC_SYMBOLS_PRIVATE_EXTERN = NO;
				GCC_WARN_64_TO_32_BIT_CONVERSION = YES;
				GCC_WARN_ABOUT_RETURN_TYPE = YES_ERROR;
				GCC_WARN_CHECK_SWITCH_STATEMENTS = NO;
				GCC_WARN_SHADOW = YES;
				GCC_WARN_UNDECLARED_SELECTOR = YES;
				GCC_WARN_UNINITIALIZED_AUTOS = YES_AGGRESSIVE;
				GCC_WARN_UNUSED_FUNCTION = YES;
				GCC_WARN_UNUSED_VARIABLE = YES;
				HEADER_SEARCH_PATHS = (
					"$(inherited)",
					/Applications/Xcode.app/Contents/Developer/Toolchains/XcodeDefault.xctoolchain/usr/include,
					"$(SRCROOT)/../../Shiny/Include/",
					"$(SRCROOT)/../../src/**",
					"$(SRCROOT)/../../lua/src/**",
				);
				INSTALL_PATH = "@rpath";
				LD_RUNPATH_SEARCH_PATHS = "";
				LIBRARY_SEARCH_PATHS = "./**";
				MACOSX_DEPLOYMENT_TARGET = 10.9;
				MTL_ENABLE_DEBUG_INFO = YES;
				ONLY_ACTIVE_ARCH = YES;
				SDKROOT = macosx;
			};
			name = Debug;
		};
		17CC60FC19F4927900DB6A83 /* Release */ = {
			isa = XCBuildConfiguration;
			buildSettings = {
				ALWAYS_SEARCH_USER_PATHS = NO;
				CLANG_CXX_LANGUAGE_STANDARD = "c++0x";
				CLANG_CXX_LIBRARY = "libc++";
				CLANG_ENABLE_MODULES = YES;
				CLANG_ENABLE_OBJC_ARC = YES;
				CLANG_WARN_BOOL_CONVERSION = YES;
				CLANG_WARN_CONSTANT_CONVERSION = YES;
				CLANG_WARN_DIRECT_OBJC_ISA_USAGE = YES_ERROR;
				CLANG_WARN_EMPTY_BODY = YES;
				CLANG_WARN_ENUM_CONVERSION = YES;
				CLANG_WARN_INT_CONVERSION = YES;
				CLANG_WARN_OBJC_ROOT_CLASS = YES_ERROR;
				CLANG_WARN_UNREACHABLE_CODE = NO;
				CLANG_WARN__DUPLICATE_METHOD_MATCH = YES;
				COPY_PHASE_STRIP = YES;
				DEBUG_INFORMATION_FORMAT = "dwarf-with-dsym";
				ENABLE_NS_ASSERTIONS = NO;
				ENABLE_STRICT_OBJC_MSGSEND = YES;
				GCC_C_LANGUAGE_STANDARD = c11;
				GCC_PREPROCESSOR_DEFINITIONS = (
					"__EXPORT__=",
					LUA_COMPAT_ALL,
					"__MDL_EXPORT__=",
				);
				GCC_WARN_64_TO_32_BIT_CONVERSION = YES;
				GCC_WARN_ABOUT_RETURN_TYPE = YES_ERROR;
				GCC_WARN_CHECK_SWITCH_STATEMENTS = NO;
				GCC_WARN_SHADOW = YES;
				GCC_WARN_UNDECLARED_SELECTOR = YES;
				GCC_WARN_UNINITIALIZED_AUTOS = YES_AGGRESSIVE;
				GCC_WARN_UNUSED_FUNCTION = YES;
				GCC_WARN_UNUSED_VARIABLE = YES;
				HEADER_SEARCH_PATHS = (
					"$(inherited)",
					/Applications/Xcode.app/Contents/Developer/Toolchains/XcodeDefault.xctoolchain/usr/include,
					"$(SRCROOT)/../../Shiny/Include/",
					"$(SRCROOT)/../../src/**",
					"$(SRCROOT)/../../lua/src/**",
				);
				INSTALL_PATH = "@rpath";
				LD_RUNPATH_SEARCH_PATHS = "";
				LIBRARY_SEARCH_PATHS = "./**";
				MACOSX_DEPLOYMENT_TARGET = 10.9;
				MTL_ENABLE_DEBUG_INFO = NO;
				SDKROOT = macosx;
			};
			name = Release;
		};
		17CC60FE19F4927900DB6A83 /* Debug */ = {
			isa = XCBuildConfiguration;
			buildSettings = {
				DYLIB_COMPATIBILITY_VERSION = 1;
				DYLIB_CURRENT_VERSION = 1;
				EXECUTABLE_PREFIX = lib;
				LIBRARY_SEARCH_PATHS = (
					"$(inherited)",
					"$(USER_LIBRARY_DIR)/Developer/Xcode/DerivedData/OME_OSX-fckwyqdqaycaglbqmtjdrnzqdagr/Build/Products/Debug",
				);
				PRODUCT_NAME = "$(TARGET_NAME)";
			};
			name = Debug;
		};
		17CC60FF19F4927900DB6A83 /* Release */ = {
			isa = XCBuildConfiguration;
			buildSettings = {
				DYLIB_COMPATIBILITY_VERSION = 1;
				DYLIB_CURRENT_VERSION = 1;
				EXECUTABLE_PREFIX = lib;
				LIBRARY_SEARCH_PATHS = (
					"$(inherited)",
					"$(USER_LIBRARY_DIR)/Developer/Xcode/DerivedData/OME_OSX-fckwyqdqaycaglbqmtjdrnzqdagr/Build/Products/Debug",
				);
				PRODUCT_NAME = "$(TARGET_NAME)";
			};
			name = Release;
		};
/* End XCBuildConfiguration section */

/* Begin XCConfigurationList section */
		17CC60F419F4927900DB6A83 /* Build configuration list for PBXProject "ModelProject" */ = {
			isa = XCConfigurationList;
			buildConfigurations = (
				17CC60FB19F4927900DB6A83 /* Debug */,
				17CC60FC19F4927900DB6A83 /* Release */,
			);
			defaultConfigurationIsVisible = 0;
			defaultConfigurationName = Release;
		};
		17CC60FD19F4927900DB6A83 /* Build configuration list for PBXNativeTarget "ModelProject" */ = {
			isa = XCConfigurationList;
			buildConfigurations = (
				17CC60FE19F4927900DB6A83 /* Debug */,
				17CC60FF19F4927900DB6A83 /* Release */,
			);
			defaultConfigurationIsVisible = 0;
			defaultConfigurationName = Release;
		};
/* End XCConfigurationList section */
	};
	rootObject = 17CC60F119F4927900DB6A83 /* Project object */;
}
